# generated by rye
# use `rye lock` or `rye sync` to update this lockfile
#
# last locked with the following flags:
#   pre: false
#   features: []
#   all-features: false
#   with-sources: false
#   generate-hashes: false
#   universal: false

-e file:.
absl-py==2.2.0
    # via tensorboard
annotated-types==0.7.0
    # via pydantic
anthropic==0.49.0
    # via langchain-anthropic
anyio==4.8.0
    # via anthropic
    # via httpx
    # via openai
    # via starlette
argbind==0.3.9
    # via descript-audio-codec
    # via descript-audiotools
asttokens==3.0.0
    # via stack-data
asyncio==3.4.3
    # via ai-assistant
audioread==3.0.1
    # via librosa
cachetools==5.5.2
    # via google-auth
certifi==2025.1.31
    # via httpcore
    # via httpx
    # via requests
cffi==1.17.1
    # via soundfile
charset-normalizer==3.4.1
    # via requests
click==8.1.8
    # via prisma
    # via uvicorn
contourpy==1.3.1
    # via matplotlib
cycler==0.12.1
    # via matplotlib
decorator==5.2.1
    # via ipython
    # via librosa
deprecated==1.2.18
    # via pykakasi
descript-audio-codec==1.0.0
    # via parler-tts
descript-audiotools @ git+https://github.com/descriptinc/audiotools@348ebf2034ce24e2a91a553e3171cb00c0c71678
    # via descript-audio-codec
    # via parler-tts
distro==1.9.0
    # via anthropic
    # via openai
docstring-parser==0.16
    # via argbind
    # via google-cloud-aiplatform
dydantic==0.0.8
    # via trustcall
einops==0.8.1
    # via descript-audio-codec
executing==2.2.0
    # via stack-data
fastapi==0.115.11
    # via ai-assistant
ffmpy==0.5.0
    # via descript-audiotools
filelock==3.18.0
    # via huggingface-hub
    # via torch
    # via transformers
filetype==1.2.0
    # via langchain-google-genai
fire==0.7.0
    # via randomname
flatten-dict==0.4.2
    # via descript-audiotools
fonttools==4.56.0
    # via matplotlib
fsspec==2025.3.0
    # via huggingface-hub
    # via torch
future==1.0.0
    # via pyloudnorm
google-ai-generativelanguage==0.6.17
    # via langchain-google-genai
google-api-core==2.24.2
    # via google-ai-generativelanguage
    # via google-cloud-aiplatform
    # via google-cloud-bigquery
    # via google-cloud-core
    # via google-cloud-resource-manager
    # via google-cloud-storage
google-auth==2.38.0
    # via google-ai-generativelanguage
    # via google-api-core
    # via google-cloud-aiplatform
    # via google-cloud-bigquery
    # via google-cloud-core
    # via google-cloud-resource-manager
    # via google-cloud-storage
google-cloud-aiplatform==1.85.0
    # via langchain-google-vertexai
google-cloud-bigquery==3.30.0
    # via google-cloud-aiplatform
google-cloud-core==2.4.3
    # via google-cloud-bigquery
    # via google-cloud-storage
google-cloud-resource-manager==1.14.2
    # via google-cloud-aiplatform
google-cloud-storage==2.19.0
    # via google-cloud-aiplatform
    # via langchain-google-vertexai
google-crc32c==1.7.0
    # via google-cloud-storage
    # via google-resumable-media
google-resumable-media==2.7.2
    # via google-cloud-bigquery
    # via google-cloud-storage
googleapis-common-protos==1.69.2
    # via google-api-core
    # via grpc-google-iam-v1
    # via grpcio-status
grpc-google-iam-v1==0.14.2
    # via google-cloud-resource-manager
grpcio==1.71.0
    # via google-api-core
    # via googleapis-common-protos
    # via grpc-google-iam-v1
    # via grpcio-status
    # via tensorboard
grpcio-status==1.62.3
    # via google-api-core
h11==0.14.0
    # via httpcore
    # via uvicorn
httpcore==1.0.7
    # via httpx
httpx==0.28.1
    # via anthropic
    # via langchain-google-vertexai
    # via langgraph-sdk
    # via langsmith
    # via openai
    # via prisma
httpx-sse==0.4.0
    # via langchain-google-vertexai
huggingface-hub==0.29.3
    # via tokenizers
    # via transformers
idna==3.10
    # via anyio
    # via httpx
    # via requests
importlib-resources==6.5.2
    # via descript-audiotools
ipython==9.0.2
    # via descript-audiotools
ipython-pygments-lexers==1.1.1
    # via ipython
jaconv==0.4.0
    # via pykakasi
jedi==0.19.2
    # via ipython
jinja2==3.1.6
    # via prisma
    # via torch
jiter==0.9.0
    # via anthropic
    # via openai
joblib==1.4.2
    # via librosa
    # via scikit-learn
jsonpatch==1.33
    # via langchain-core
    # via trustcall
jsonpointer==3.0.0
    # via jsonpatch
julius==0.2.7
    # via descript-audiotools
kiwisolver==1.4.8
    # via matplotlib
langchain==0.3.20
    # via ai-assistant
    # via langmem
langchain-anthropic==0.3.10
    # via langmem
langchain-core==0.3.47
    # via langchain
    # via langchain-anthropic
    # via langchain-google-genai
    # via langchain-google-vertexai
    # via langchain-openai
    # via langchain-text-splitters
    # via langgraph
    # via langgraph-checkpoint
    # via langgraph-prebuilt
langchain-google-genai==2.1.1
    # via ai-assistant
langchain-google-vertexai==2.0.16
    # via ai-assistant
langchain-openai==0.3.8
    # via langmem
langchain-text-splitters==0.3.6
    # via langchain
langgraph==0.3.11
    # via ai-assistant
    # via langmem
    # via trustcall
langgraph-checkpoint==2.0.20
    # via ai-assistant
    # via langgraph
    # via langgraph-checkpoint-postgres
    # via langgraph-prebuilt
    # via langmem
langgraph-checkpoint-postgres==2.0.17
    # via ai-assistant
langgraph-prebuilt==0.1.3
    # via langgraph
    # via trustcall
langgraph-sdk==0.1.57
    # via langgraph
langmem==0.0.15
    # via ai-assistant
langsmith==0.3.15
    # via langchain
    # via langchain-core
    # via langmem
lazy-loader==0.4
    # via librosa
librosa==0.11.0
    # via descript-audiotools
llvmlite==0.44.0
    # via numba
markdown==3.7
    # via tensorboard
markdown-it-py==3.0.0
    # via rich
markdown2==2.5.3
    # via descript-audiotools
markupsafe==3.0.2
    # via jinja2
    # via werkzeug
matplotlib==3.10.1
    # via descript-audiotools
matplotlib-inline==0.1.7
    # via ipython
mdurl==0.1.2
    # via markdown-it-py
mecab-python3==1.0.10
    # via rubyinserter
mpmath==1.3.0
    # via sympy
msgpack==1.1.0
    # via langgraph-checkpoint
    # via librosa
networkx==3.4.2
    # via torch
nodeenv==1.9.1
    # via prisma
numba==0.61.0
    # via librosa
numpy==2.0.0
    # via ai-assistant
    # via contourpy
    # via descript-audio-codec
    # via descript-audiotools
    # via librosa
    # via matplotlib
    # via numba
    # via pyloudnorm
    # via pystoi
    # via scikit-learn
    # via scipy
    # via shapely
    # via soundfile
    # via soxr
    # via tensorboard
    # via torch-stoi
    # via transformers
openai==1.66.3
    # via langchain-openai
orjson==3.10.15
    # via langgraph-checkpoint-postgres
    # via langgraph-sdk
    # via langsmith
packaging==24.2
    # via google-cloud-aiplatform
    # via google-cloud-bigquery
    # via huggingface-hub
    # via langchain-core
    # via langsmith
    # via lazy-loader
    # via matplotlib
    # via pooch
    # via tensorboard
    # via transformers
parler-tts @ git+https://github.com/huggingface/parler-tts.git@d108732cd57788ec86bc857d99a6cabd66663d68
    # via ai-assistant
parso==0.8.4
    # via jedi
pexpect==4.9.0
    # via ipython
pillow==11.1.0
    # via matplotlib
platformdirs==4.3.7
    # via pooch
pooch==1.8.2
    # via librosa
prisma==0.15.0
    # via ai-assistant
prompt-toolkit==3.0.50
    # via ipython
proto-plus==1.26.1
    # via google-ai-generativelanguage
    # via google-api-core
    # via google-cloud-aiplatform
    # via google-cloud-resource-manager
protobuf==4.25.6
    # via descript-audiotools
    # via google-ai-generativelanguage
    # via google-api-core
    # via google-cloud-aiplatform
    # via google-cloud-resource-manager
    # via googleapis-common-protos
    # via grpc-google-iam-v1
    # via grpcio-status
    # via parler-tts
    # via proto-plus
    # via tensorboard
psycopg==3.2.6
    # via ai-assistant
    # via langgraph-checkpoint-postgres
psycopg-binary==3.2.6
    # via psycopg
psycopg-pool==3.2.6
    # via langgraph-checkpoint-postgres
    # via psycopg
ptyprocess==0.7.0
    # via pexpect
pure-eval==0.2.3
    # via stack-data
pyasn1==0.6.1
    # via pyasn1-modules
    # via rsa
pyasn1-modules==0.4.1
    # via google-auth
pycparser==2.22
    # via cffi
pydantic==2.10.6
    # via anthropic
    # via dydantic
    # via fastapi
    # via google-cloud-aiplatform
    # via langchain
    # via langchain-anthropic
    # via langchain-core
    # via langchain-google-genai
    # via langchain-google-vertexai
    # via langsmith
    # via openai
    # via prisma
pydantic-core==2.27.2
    # via pydantic
pydub==0.25.1
    # via ai-assistant
pygments==2.19.1
    # via ipython
    # via ipython-pygments-lexers
    # via rich
pykakasi==2.3.0
    # via rubyinserter
pyloudnorm==0.1.1
    # via descript-audiotools
pyparsing==3.2.2
    # via matplotlib
pystoi==0.4.1
    # via descript-audiotools
    # via torch-stoi
python-dateutil==2.9.0.post0
    # via google-cloud-bigquery
    # via matplotlib
python-dotenv==1.0.1
    # via prisma
python-multipart==0.0.20
    # via ai-assistant
pyyaml==6.0.2
    # via argbind
    # via huggingface-hub
    # via langchain
    # via langchain-core
    # via transformers
randomname==0.2.1
    # via descript-audiotools
regex==2024.11.6
    # via tiktoken
    # via transformers
requests==2.32.3
    # via google-api-core
    # via google-cloud-bigquery
    # via google-cloud-storage
    # via huggingface-hub
    # via langchain
    # via langsmith
    # via pooch
    # via requests-toolbelt
    # via tiktoken
    # via transformers
requests-toolbelt==1.0.0
    # via langsmith
rich==13.9.4
    # via descript-audiotools
rsa==4.9
    # via google-auth
rubyinserter @ git+https://github.com/getuka/RubyInserter.git@0b0420b3f9828bbcd2475b2a1df2019fd17febf9
    # via ai-assistant
ruff==0.11.0
safetensors==0.5.3
    # via transformers
scikit-learn==1.6.1
    # via librosa
scipy==1.15.2
    # via descript-audiotools
    # via librosa
    # via pyloudnorm
    # via pystoi
    # via scikit-learn
sentencepiece==0.2.0
    # via parler-tts
setuptools==78.0.2
    # via tensorboard
shapely==2.0.7
    # via google-cloud-aiplatform
six==1.17.0
    # via flatten-dict
    # via python-dateutil
    # via tensorboard
sniffio==1.3.1
    # via anthropic
    # via anyio
    # via openai
soundfile==0.13.1
    # via descript-audiotools
    # via librosa
soxr==0.5.0.post1
    # via librosa
speechrecognition==3.14.1
    # via ai-assistant
sqlalchemy==2.0.39
    # via langchain
stack-data==0.6.3
    # via ipython
starlette==0.46.1
    # via fastapi
sympy==1.13.1
    # via torch
tenacity==9.0.0
    # via langchain-core
tensorboard==2.19.0
    # via descript-audiotools
tensorboard-data-server==0.7.2
    # via tensorboard
termcolor==2.5.0
    # via fire
threadpoolctl==3.6.0
    # via scikit-learn
tiktoken==0.9.0
    # via langchain-openai
tokenizers==0.20.3
    # via transformers
tomlkit==0.13.2
    # via prisma
torch==2.6.0
    # via descript-audio-codec
    # via descript-audiotools
    # via julius
    # via parler-tts
    # via torch-stoi
    # via torchaudio
torch-stoi==0.2.3
    # via descript-audiotools
torchaudio==2.6.0
    # via descript-audio-codec
    # via descript-audiotools
    # via torch-stoi
tqdm==4.67.1
    # via descript-audio-codec
    # via descript-audiotools
    # via huggingface-hub
    # via openai
    # via transformers
traitlets==5.14.3
    # via ipython
    # via matplotlib-inline
transformers==4.46.1
    # via parler-tts
trustcall==0.0.38
    # via langmem
typing-extensions==4.12.2
    # via anthropic
    # via anyio
    # via fastapi
    # via google-cloud-aiplatform
    # via huggingface-hub
    # via ipython
    # via langchain-core
    # via librosa
    # via openai
    # via prisma
    # via psycopg
    # via psycopg-pool
    # via pydantic
    # via pydantic-core
    # via speechrecognition
    # via sqlalchemy
    # via torch
unidic-lite==1.0.8
    # via rubyinserter
urllib3==2.3.0
    # via requests
uvicorn==0.34.0
    # via ai-assistant
wcwidth==0.2.13
    # via prompt-toolkit
werkzeug==3.1.3
    # via tensorboard
wrapt==1.17.2
    # via deprecated
zstandard==0.23.0
    # via langsmith
